
Microsoft Visual Studio Solution File, Format Version 12.00
# Visual Studio 15
VisualStudioVersion = 15.0.28307.168
MinimumVisualStudioVersion = 10.0.40219.1
Project("{888888A0-9F3D-457C-B088-3A5042F75D52}") = "YAPWrapper", "YAPWrapper.pyproj", "{5E5DF865-75AC-4056-945D-4F0B6CDA8336}"
EndProject
Project("{2150E333-8FDC-42A3-9474-1A3956D46DE8}") = "Solution Items", "Solution Items", "{69C7AAF2-987D-4A8F-BC4F-960863B3C15F}"
EndProject
Global
	GlobalSection(SolutionConfigurationPlatforms) = preSolution
		Debug|Any CPU = Debug|Any CPU
		Release|Any CPU = Release|Any CPU
	EndGlobalSection
	GlobalSection(ProjectConfigurationPlatforms) = postSolution
		{5E5DF865-75AC-4056-945D-4F0B6CDA8336}.Debug|Any CPU.ActiveCfg = Debug|Any CPU
		{5E5DF865-75AC-4056-945D-4F0B6CDA8336}.Release|Any CPU.ActiveCfg = Release|Any CPU
	EndGlobalSection
	GlobalSection(SolutionProperties) = preSolution
		HideSolutionNode = FALSE
	EndGlobalSection
	GlobalSection(ExtensibilityGlobals) = postSolution
		SolutionGuid = {003975A6-D7EB-4B15-B319-B7C7ED0442B8}
	EndGlobalSection
EndGlobal
